
Microsoft Visual Studio Solution File, Format Version 12.00
# Visual Studio 15
VisualStudioVersion = 15.0.28307.1022
MinimumVisualStudioVersion = 10.0.40219.1
Project("{FAE04EC0-301F-11D3-BF4B-00C04F79EFBC}") = "Porcentagem", "Porcentagem\Porcentagem.csproj", "{726D32E8-C001-4ABA-8A10-FA265616CBDA}"
EndProject
Global
	GlobalSection(SolutionConfigurationPlatforms) = preSolution
		Debug|Any CPU = Debug|Any CPU
		Release|Any CPU = Release|Any CPU
	EndGlobalSection
	GlobalSection(ProjectConfigurationPlatforms) = postSolution
		{726D32E8-C001-4ABA-8A10-FA265616CBDA}.Debug|Any CPU.ActiveCfg = Debug|Any CPU
		{726D32E8-C001-4ABA-8A10-FA265616CBDA}.Debug|Any CPU.Build.0 = Debug|Any CPU
		{726D32E8-C001-4ABA-8A10-FA265616CBDA}.Release|Any CPU.ActiveCfg = Release|Any CPU
		{726D32E8-C001-4ABA-8A10-FA265616CBDA}.Release|Any CPU.Build.0 = Release|Any CPU
	EndGlobalSection
	GlobalSection(SolutionProperties) = preSolution
		HideSolutionNode = FALSE
	EndGlobalSection
	GlobalSection(ExtensibilityGlobals) = postSolution
		SolutionGuid = {A3A781F2-77A4-4CA9-B522-3FB6D0ACBCB5}
	EndGlobalSection
EndGlobal
